
Microsoft Visual Studio Solution File, Format Version 12.00
# Visual Studio Version 16
VisualStudioVersion = 25.0.1700.4
MinimumVisualStudioVersion = 10.0.40219.1
Project("{FAE04EC0-301F-11D3-BF4B-00C04F79EFBC}") = "beristorante", "beristorante\beristorante.csproj", "{5CC1D6DA-72C5-45A7-ACB7-67B07CB090FD}"
EndProject
Global
	GlobalSection(SolutionConfigurationPlatforms) = preSolution
		Debug|Any CPU = Debug|Any CPU
		Release|Any CPU = Release|Any CPU
	EndGlobalSection
	GlobalSection(ProjectConfigurationPlatforms) = postSolution
		{5CC1D6DA-72C5-45A7-ACB7-67B07CB090FD}.Debug|Any CPU.ActiveCfg = Debug|Any CPU
		{5CC1D6DA-72C5-45A7-ACB7-67B07CB090FD}.Debug|Any CPU.Build.0 = Debug|Any CPU
		{5CC1D6DA-72C5-45A7-ACB7-67B07CB090FD}.Release|Any CPU.ActiveCfg = Release|Any CPU
		{5CC1D6DA-72C5-45A7-ACB7-67B07CB090FD}.Release|Any CPU.Build.0 = Release|Any CPU
	EndGlobalSection
	GlobalSection(SolutionProperties) = preSolution
		HideSolutionNode = FALSE
	EndGlobalSection
	GlobalSection(ExtensibilityGlobals) = postSolution
		SolutionGuid = {3BC2D2ED-D9C1-46BF-AFF5-024EA952815A}
	EndGlobalSection
EndGlobal
