
Microsoft Visual Studio Solution File, Format Version 12.00
# Visual Studio Version 16
VisualStudioVersion = 25.0.1700.5
MinimumVisualStudioVersion = 10.0.40219.1
Project("{FAE04EC0-301F-11D3-BF4B-00C04F79EFBC}") = "AppTestInterface", "AppTestInterface\AppTestInterface.csproj", "{2D35E144-E129-44F2-8E53-F398A227684B}"
EndProject
Global
	GlobalSection(SolutionConfigurationPlatforms) = preSolution
		Debug|Any CPU = Debug|Any CPU
		Release|Any CPU = Release|Any CPU
	EndGlobalSection
	GlobalSection(ProjectConfigurationPlatforms) = postSolution
		{2D35E144-E129-44F2-8E53-F398A227684B}.Debug|Any CPU.ActiveCfg = Debug|Any CPU
		{2D35E144-E129-44F2-8E53-F398A227684B}.Debug|Any CPU.Build.0 = Debug|Any CPU
		{2D35E144-E129-44F2-8E53-F398A227684B}.Release|Any CPU.ActiveCfg = Release|Any CPU
		{2D35E144-E129-44F2-8E53-F398A227684B}.Release|Any CPU.Build.0 = Release|Any CPU
	EndGlobalSection
	GlobalSection(SolutionProperties) = preSolution
		HideSolutionNode = FALSE
	EndGlobalSection
	GlobalSection(ExtensibilityGlobals) = postSolution
		SolutionGuid = {B79F674C-ECA2-45EC-8AC2-7BB08003DF02}
	EndGlobalSection
EndGlobal
